{
  "object": {
    "pins": [
      {
        "package": "Expression",
        "repositoryURL": "https://github.com/nicklockwood/Expression.git",
        "state": {
          "branch": null,
          "revision": "79696716b913c816d8dd1c135293de266a01a098",
          "version": "0.13.2"
        }
      },
      {
        "package": "Regex",
        "repositoryURL": "https://github.com/sharplet/Regex.git",
        "state": {
          "branch": null,
          "revision": "76c2b73d4281d77fc3118391877efd1bf972f515",
          "version": "2.1.1"
        }
      },
      {
        "package": "swift-log",
        "repositoryURL": "https://github.com/apple/swift-log.git",
        "state": {
          "branch": null,
          "revision": "5d66f7ba25daf4f94100e7022febf3c75e37a6c7",
          "version": "1.4.2"
        }
      },
      {
        "package": "swift-nio",
        "repositoryURL": "https://github.com/apple/swift-nio",
        "state": {
          "branch": null,
          "revision": "d161bf658780b209c185994528e7e24376cf7283",
          "version": "2.29.0"
        }
      },
      {
        "package": "swift-nio-transport-services",
        "repositoryURL": "https://github.com/apple/swift-nio-transport-services",
        "state": {
          "branch": null,
          "revision": "657537c2cf1845f8d5201ecc4e48f21f21841128",
          "version": "1.10.0"
        }
      }
    ]
  },
  "version": 1
}
